
Microsoft Visual Studio Solution File, Format Version 12.00
# Visual Studio Version 17
VisualStudioVersion = 17.3.32929.385
MinimumVisualStudioVersion = 10.0.40219.1
Project("{9A19103F-16F7-4668-BE54-9A1E7A4F7556}") = "DevopsSandbox", "DevopsSandbox\DevopsSandbox.csproj", "{DCB50784-31F3-48DF-84B4-EC853C3D38A1}"
EndProject
Project("{FAE04EC0-301F-11D3-BF4B-00C04F79EFBC}") = "DevopsSandbox.Test", "DevopsSandbox.Test\DevopsSandbox.Test.csproj", "{FEFEAB58-809E-4114-B1F0-31CBC485AEE0}"
EndProject
Global
	GlobalSection(SolutionConfigurationPlatforms) = preSolution
		Debug|Any CPU = Debug|Any CPU
		Release|Any CPU = Release|Any CPU
	EndGlobalSection
	GlobalSection(ProjectConfigurationPlatforms) = postSolution
		{DCB50784-31F3-48DF-84B4-EC853C3D38A1}.Debug|Any CPU.ActiveCfg = Debug|Any CPU
		{DCB50784-31F3-48DF-84B4-EC853C3D38A1}.Debug|Any CPU.Build.0 = Debug|Any CPU
		{DCB50784-31F3-48DF-84B4-EC853C3D38A1}.Release|Any CPU.ActiveCfg = Release|Any CPU
		{DCB50784-31F3-48DF-84B4-EC853C3D38A1}.Release|Any CPU.Build.0 = Release|Any CPU
		{FEFEAB58-809E-4114-B1F0-31CBC485AEE0}.Debug|Any CPU.ActiveCfg = Debug|Any CPU
		{FEFEAB58-809E-4114-B1F0-31CBC485AEE0}.Debug|Any CPU.Build.0 = Debug|Any CPU
		{FEFEAB58-809E-4114-B1F0-31CBC485AEE0}.Release|Any CPU.ActiveCfg = Release|Any CPU
		{FEFEAB58-809E-4114-B1F0-31CBC485AEE0}.Release|Any CPU.Build.0 = Release|Any CPU
	EndGlobalSection
	GlobalSection(SolutionProperties) = preSolution
		HideSolutionNode = FALSE
	EndGlobalSection
	GlobalSection(ExtensibilityGlobals) = postSolution
		SolutionGuid = {0CFA8C68-F078-4136-B2C3-ADC06A578309}
	EndGlobalSection
EndGlobal
